
Microsoft Visual Studio Solution File, Format Version 12.00
# Visual Studio 15
VisualStudioVersion = 15.0.27130.2024
MinimumVisualStudioVersion = 10.0.40219.1
Project("{FAE04EC0-301F-11D3-BF4B-00C04F79EFBC}") = "Shadow", "Shadow\Shadow.csproj", "{0D36EC71-2A79-4014-A4CF-694B4B8B6BE7}"
EndProject
Project("{2150E333-8FDC-42A3-9474-1A3956D46DE8}") = "Solution Items", "Solution Items", "{C4F822C7-F3FB-442A-9EC2-415EFF73C341}"
	ProjectSection(SolutionItems) = preProject
		README.md = README.md
	EndProjectSection
EndProject
Global
	GlobalSection(SolutionConfigurationPlatforms) = preSolution
		Debug|Any CPU = Debug|Any CPU
		Release|Any CPU = Release|Any CPU
	EndGlobalSection
	GlobalSection(ProjectConfigurationPlatforms) = postSolution
		{0D36EC71-2A79-4014-A4CF-694B4B8B6BE7}.Debug|Any CPU.ActiveCfg = Debug|Any CPU
		{0D36EC71-2A79-4014-A4CF-694B4B8B6BE7}.Debug|Any CPU.Build.0 = Debug|Any CPU
		{0D36EC71-2A79-4014-A4CF-694B4B8B6BE7}.Release|Any CPU.ActiveCfg = Release|Any CPU
		{0D36EC71-2A79-4014-A4CF-694B4B8B6BE7}.Release|Any CPU.Build.0 = Release|Any CPU
	EndGlobalSection
	GlobalSection(SolutionProperties) = preSolution
		HideSolutionNode = FALSE
	EndGlobalSection
	GlobalSection(ExtensibilityGlobals) = postSolution
		SolutionGuid = {861FB185-FF2F-47A6-AD97-D159DEE80545}
	EndGlobalSection
EndGlobal
